// !$*UTF8*$!
{
	archiveVersion = 1;
	classes = {
	};
	objectVersion = 50;
	objects = {

/* Begin PBXBuildFile section */
		975C2C612291F70E0005446D /* AppDelegate.swift in Sources */ = {isa = PBXBuildFile; fileRef = 975C2C602291F70E0005446D /* AppDelegate.swift */; };
		975C2C632291F70E0005446D /* GameViewController.swift in Sources */ = {isa = PBXBuildFile; fileRef = 975C2C622291F70E0005446D /* GameViewController.swift */; };
		975C2C662291F70E0005446D /* Main.storyboard in Resources */ = {isa = PBXBuildFile; fileRef = 975C2C642291F70E0005446D /* Main.storyboard */; };
		975C2C692291F70E0005446D /* LaunchScreen.storyboard in Resources */ = {isa = PBXBuildFile; fileRef = 975C2C672291F70E0005446D /* LaunchScreen.storyboard */; };
		975C2C8B2291F70F0005446D /* AppDelegate.swift in Sources */ = {isa = PBXBuildFile; fileRef = 975C2C8A2291F70F0005446D /* AppDelegate.swift */; };
		975C2C8D2291F70F0005446D /* GameViewController.swift in Sources */ = {isa = PBXBuildFile; fileRef = 975C2C8C2291F70F0005446D /* GameViewController.swift */; };
		975C2C902291F70F0005446D /* Main.storyboard in Resources */ = {isa = PBXBuildFile; fileRef = 975C2C8E2291F70F0005446D /* Main.storyboard */; };
		975C2C992291F70F0005446D /* AppDelegate.swift in Sources */ = {isa = PBXBuildFile; fileRef = 975C2C982291F70F0005446D /* AppDelegate.swift */; };
		975C2C9B2291F70F0005446D /* GameViewController.swift in Sources */ = {isa = PBXBuildFile; fileRef = 975C2C9A2291F70F0005446D /* GameViewController.swift */; };
		975C2C9E2291F70F0005446D /* Main.storyboard in Resources */ = {isa = PBXBuildFile; fileRef = 975C2C9C2291F70F0005446D /* Main.storyboard */; };
		975C2CA02291F70F0005446D /* Game.swift in Sources */ = {isa = PBXBuildFile; fileRef = 975C2C572291F70B0005446D /* Game.swift */; };
		975C2CA22291F70F0005446D /* Game.swift in Sources */ = {isa = PBXBuildFile; fileRef = 975C2C572291F70B0005446D /* Game.swift */; };
		975C2CA32291F70F0005446D /* Game.swift in Sources */ = {isa = PBXBuildFile; fileRef = 975C2C572291F70B0005446D /* Game.swift */; };
		975C2CA42291F70F0005446D /* Art.scnassets in Resources */ = {isa = PBXBuildFile; fileRef = 975C2C582291F70B0005446D /* Art.scnassets */; };
		975C2CA62291F70F0005446D /* Art.scnassets in Resources */ = {isa = PBXBuildFile; fileRef = 975C2C582291F70B0005446D /* Art.scnassets */; };
		975C2CA72291F70F0005446D /* Art.scnassets in Resources */ = {isa = PBXBuildFile; fileRef = 975C2C582291F70B0005446D /* Art.scnassets */; };
		975C2CA82291F70F0005446D /* Assets.xcassets in Resources */ = {isa = PBXBuildFile; fileRef = 975C2C592291F70E0005446D /* Assets.xcassets */; };
		975C2CAA2291F70F0005446D /* Assets.xcassets in Resources */ = {isa = PBXBuildFile; fileRef = 975C2C592291F70E0005446D /* Assets.xcassets */; };
		975C2CAB2291F70F0005446D /* Assets.xcassets in Resources */ = {isa = PBXBuildFile; fileRef = 975C2C592291F70E0005446D /* Assets.xcassets */; };
		975C2CBD2291F86A0005446D /* Field.swift in Sources */ = {isa = PBXBuildFile; fileRef = 97B391AC221B377B000655A4 /* Field.swift */; };
		975C2CBE2291F86B0005446D /* Field.swift in Sources */ = {isa = PBXBuildFile; fileRef = 97B391AC221B377B000655A4 /* Field.swift */; };
		975C2CC02291F86D0005446D /* Field.swift in Sources */ = {isa = PBXBuildFile; fileRef = 97B391AC221B377B000655A4 /* Field.swift */; };
		975C2CC12291F8730005446D /* Character.swift in Sources */ = {isa = PBXBuildFile; fileRef = 97B391AA221B301E000655A4 /* Character.swift */; };
		975C2CC22291F8730005446D /* Character.swift in Sources */ = {isa = PBXBuildFile; fileRef = 97B391AA221B301E000655A4 /* Character.swift */; };
		975C2CC42291F8750005446D /* Character.swift in Sources */ = {isa = PBXBuildFile; fileRef = 97B391AA221B301E000655A4 /* Character.swift */; };
		975C2CC52291F87A0005446D /* OverlayHUD.swift in Sources */ = {isa = PBXBuildFile; fileRef = 973AA54822823A1D00A89C91 /* OverlayHUD.swift */; };
		975C2CC62291F87B0005446D /* OverlayHUD.swift in Sources */ = {isa = PBXBuildFile; fileRef = 973AA54822823A1D00A89C91 /* OverlayHUD.swift */; };
		975C2CC82291F87C0005446D /* OverlayHUD.swift in Sources */ = {isa = PBXBuildFile; fileRef = 973AA54822823A1D00A89C91 /* OverlayHUD.swift */; };
		975C2CC92291F8820005446D /* SKButton.swift in Sources */ = {isa = PBXBuildFile; fileRef = 97A32D922287279900807521 /* SKButton.swift */; };
		975C2CCA2291F8820005446D /* SKButton.swift in Sources */ = {isa = PBXBuildFile; fileRef = 97A32D922287279900807521 /* SKButton.swift */; };
		975C2CCC2291F8840005446D /* SKButton.swift in Sources */ = {isa = PBXBuildFile; fileRef = 97A32D922287279900807521 /* SKButton.swift */; };
		975C2CCD2291F8870005446D /* GameScene.swift in Sources */ = {isa = PBXBuildFile; fileRef = 97EF8BA12222B0A800088510 /* GameScene.swift */; };
		975C2CCE2291F8880005446D /* GameScene.swift in Sources */ = {isa = PBXBuildFile; fileRef = 97EF8BA12222B0A800088510 /* GameScene.swift */; };
		975C2CD02291F8890005446D /* GameScene.swift in Sources */ = {isa = PBXBuildFile; fileRef = 97EF8BA12222B0A800088510 /* GameScene.swift */; };
		975C2CD12291F88C0005446D /* SceneView.swift in Sources */ = {isa = PBXBuildFile; fileRef = 97EF8B9B2222A8FD00088510 /* SceneView.swift */; };
		975C2CD22291F88C0005446D /* SceneView.swift in Sources */ = {isa = PBXBuildFile; fileRef = 97EF8B9B2222A8FD00088510 /* SceneView.swift */; };
		975C2CD42291F88D0005446D /* SceneView.swift in Sources */ = {isa = PBXBuildFile; fileRef = 97EF8B9B2222A8FD00088510 /* SceneView.swift */; };
		975C2CD82291F8980005446D /* ARSceneView.swift in Sources */ = {isa = PBXBuildFile; fileRef = 97EF8B9F2222AA9300088510 /* ARSceneView.swift */; };
		975C2CD92291F89C0005446D /* MaterialNode.swift in Sources */ = {isa = PBXBuildFile; fileRef = 97973CA62277A8160001AF59 /* MaterialNode.swift */; };
		975C2CDB2291F89E0005446D /* MaterialNode.swift in Sources */ = {isa = PBXBuildFile; fileRef = 97973CA62277A8160001AF59 /* MaterialNode.swift */; };
		975C2CDC2291F89E0005446D /* MaterialNode.swift in Sources */ = {isa = PBXBuildFile; fileRef = 97973CA62277A8160001AF59 /* MaterialNode.swift */; };
		975C2CDD2291F8A20005446D /* GraphicsHelper.swift in Sources */ = {isa = PBXBuildFile; fileRef = 97973CA42276FA3E0001AF59 /* GraphicsHelper.swift */; };
		975C2CDF2291F8A40005446D /* GraphicsHelper.swift in Sources */ = {isa = PBXBuildFile; fileRef = 97973CA42276FA3E0001AF59 /* GraphicsHelper.swift */; };
		975C2CE12291F8A50005446D /* GraphicsHelper.swift in Sources */ = {isa = PBXBuildFile; fileRef = 97973CA42276FA3E0001AF59 /* GraphicsHelper.swift */; };
		97BD650F2346408B00D8EF3B /* README.md in Resources */ = {isa = PBXBuildFile; fileRef = 97BD650E2346408B00D8EF3B /* README.md */; };
/* End PBXBuildFile section */

/* Begin PBXCopyFilesBuildPhase section */
		975C2CB32291F70F0005446D /* Embed Watch Content */ = {
			isa = PBXCopyFilesBuildPhase;
			buildActionMask = 2147483647;
			dstPath = "$(CONTENTS_FOLDER_PATH)/Watch";
			dstSubfolderSpec = 16;
			files = (
			);
			name = "Embed Watch Content";
			runOnlyForDeploymentPostprocessing = 0;
		};
/* End PBXCopyFilesBuildPhase section */

/* Begin PBXFileReference section */
		9706B66C21A745C700967191 /* OldGameVC.swift */ = {isa = PBXFileReference; lastKnownFileType = sourcecode.swift; path = OldGameVC.swift; sourceTree = "<group>"; };
		973AA54822823A1D00A89C91 /* OverlayHUD.swift */ = {isa = PBXFileReference; lastKnownFileType = sourcecode.swift; path = OverlayHUD.swift; sourceTree = "<group>"; };
		975C2C572291F70B0005446D /* Game.swift */ = {isa = PBXFileReference; lastKnownFileType = sourcecode.swift; path = Game.swift; sourceTree = "<group>"; };
		975C2C582291F70B0005446D /* Art.scnassets */ = {isa = PBXFileReference; lastKnownFileType = wrapper.scnassets; path = Art.scnassets; sourceTree = "<group>"; };
		975C2C592291F70E0005446D /* Assets.xcassets */ = {isa = PBXFileReference; lastKnownFileType = folder.assetcatalog; path = Assets.xcassets; sourceTree = "<group>"; };
		975C2C5E2291F70E0005446D /* TBS.app */ = {isa = PBXFileReference; explicitFileType = wrapper.application; includeInIndex = 0; path = TBS.app; sourceTree = BUILT_PRODUCTS_DIR; };
		975C2C602291F70E0005446D /* AppDelegate.swift */ = {isa = PBXFileReference; lastKnownFileType = sourcecode.swift; path = AppDelegate.swift; sourceTree = "<group>"; };
		975C2C622291F70E0005446D /* GameViewController.swift */ = {isa = PBXFileReference; lastKnownFileType = sourcecode.swift; path = GameViewController.swift; sourceTree = "<group>"; };
		975C2C652291F70E0005446D /* Base */ = {isa = PBXFileReference; lastKnownFileType = file.storyboard; name = Base; path = Base.lproj/Main.storyboard; sourceTree = "<group>"; };
		975C2C682291F70E0005446D /* Base */ = {isa = PBXFileReference; lastKnownFileType = file.storyboard; name = Base; path = Base.lproj/LaunchScreen.storyboard; sourceTree = "<group>"; };
		975C2C6A2291F70E0005446D /* Info.plist */ = {isa = PBXFileReference; lastKnownFileType = text.plist.xml; path = Info.plist; sourceTree = "<group>"; };
		975C2C882291F70F0005446D /* TBS.app */ = {isa = PBXFileReference; explicitFileType = wrapper.application; includeInIndex = 0; path = TBS.app; sourceTree = BUILT_PRODUCTS_DIR; };
		975C2C8A2291F70F0005446D /* AppDelegate.swift */ = {isa = PBXFileReference; lastKnownFileType = sourcecode.swift; path = AppDelegate.swift; sourceTree = "<group>"; };
		975C2C8C2291F70F0005446D /* GameViewController.swift */ = {isa = PBXFileReference; lastKnownFileType = sourcecode.swift; path = GameViewController.swift; sourceTree = "<group>"; };
		975C2C8F2291F70F0005446D /* Base */ = {isa = PBXFileReference; lastKnownFileType = file.storyboard; name = Base; path = Base.lproj/Main.storyboard; sourceTree = "<group>"; };
		975C2C912291F70F0005446D /* Info.plist */ = {isa = PBXFileReference; lastKnownFileType = text.plist.xml; path = Info.plist; sourceTree = "<group>"; };
		975C2C962291F70F0005446D /* TBS.app */ = {isa = PBXFileReference; explicitFileType = wrapper.application; includeInIndex = 0; path = TBS.app; sourceTree = BUILT_PRODUCTS_DIR; };
		975C2C982291F70F0005446D /* AppDelegate.swift */ = {isa = PBXFileReference; lastKnownFileType = sourcecode.swift; path = AppDelegate.swift; sourceTree = "<group>"; };
		975C2C9A2291F70F0005446D /* GameViewController.swift */ = {isa = PBXFileReference; lastKnownFileType = sourcecode.swift; path = GameViewController.swift; sourceTree = "<group>"; };
		975C2C9D2291F70F0005446D /* Base */ = {isa = PBXFileReference; lastKnownFileType = file.storyboard; name = Base; path = Base.lproj/Main.storyboard; sourceTree = "<group>"; };
		975C2C9F2291F70F0005446D /* Info.plist */ = {isa = PBXFileReference; lastKnownFileType = text.plist.xml; path = Info.plist; sourceTree = "<group>"; };
		97973CA42276FA3E0001AF59 /* GraphicsHelper.swift */ = {isa = PBXFileReference; lastKnownFileType = sourcecode.swift; path = GraphicsHelper.swift; sourceTree = "<group>"; };
		97973CA62277A8160001AF59 /* MaterialNode.swift */ = {isa = PBXFileReference; lastKnownFileType = sourcecode.swift; path = MaterialNode.swift; sourceTree = "<group>"; };
		97A32D922287279900807521 /* SKButton.swift */ = {isa = PBXFileReference; lastKnownFileType = sourcecode.swift; path = SKButton.swift; sourceTree = "<group>"; };
		97B391AA221B301E000655A4 /* Character.swift */ = {isa = PBXFileReference; lastKnownFileType = sourcecode.swift; path = Character.swift; sourceTree = "<group>"; };
		97B391AC221B377B000655A4 /* Field.swift */ = {isa = PBXFileReference; lastKnownFileType = sourcecode.swift; path = Field.swift; sourceTree = "<group>"; };
		97BD650E2346408B00D8EF3B /* README.md */ = {isa = PBXFileReference; fileEncoding = 4; lastKnownFileType = net.daringfireball.markdown; path = README.md; sourceTree = "<group>"; };
		97EF8B9B2222A8FD00088510 /* SceneView.swift */ = {isa = PBXFileReference; lastKnownFileType = sourcecode.swift; path = SceneView.swift; sourceTree = "<group>"; };
		97EF8B9F2222AA9300088510 /* ARSceneView.swift */ = {isa = PBXFileReference; lastKnownFileType = sourcecode.swift; path = ARSceneView.swift; sourceTree = "<group>"; };
		97EF8BA12222B0A800088510 /* GameScene.swift */ = {isa = PBXFileReference; lastKnownFileType = sourcecode.swift; path = GameScene.swift; sourceTree = "<group>"; };
/* End PBXFileReference section */

/* Begin PBXFrameworksBuildPhase section */
		975C2C5B2291F70E0005446D /* Frameworks */ = {
			isa = PBXFrameworksBuildPhase;
			buildActionMask = 2147483647;
			files = (
			);
			runOnlyForDeploymentPostprocessing = 0;
		};
		975C2C852291F70F0005446D /* Frameworks */ = {
			isa = PBXFrameworksBuildPhase;
			buildActionMask = 2147483647;
			files = (
			);
			runOnlyForDeploymentPostprocessing = 0;
		};
		975C2C932291F70F0005446D /* Frameworks */ = {
			isa = PBXFrameworksBuildPhase;
			buildActionMask = 2147483647;
			files = (
			);
			runOnlyForDeploymentPostprocessing = 0;
		};
/* End PBXFrameworksBuildPhase section */

/* Begin PBXGroup section */
		9706B65C21A745C700967191 = {
			isa = PBXGroup;
			children = (
				975C2C562291F70B0005446D /* TBS Shared */,
				975C2C5F2291F70E0005446D /* TBS iOS */,
				975C2C892291F70F0005446D /* TBS tvOS */,
				975C2C972291F70F0005446D /* TBS macOS */,
				9706B66621A745C700967191 /* Products */,
				97BD650E2346408B00D8EF3B /* README.md */,
			);
			sourceTree = "<group>";
		};
		9706B66621A745C700967191 /* Products */ = {
			isa = PBXGroup;
			children = (
				975C2C5E2291F70E0005446D /* TBS.app */,
				975C2C882291F70F0005446D /* TBS.app */,
				975C2C962291F70F0005446D /* TBS.app */,
			);
			name = Products;
			sourceTree = "<group>";
		};
		975C2C562291F70B0005446D /* TBS Shared */ = {
			isa = PBXGroup;
			children = (
				97973CA22276F95D0001AF59 /* Game */,
				97EF8B9A2222A8BD00088510 /* Scene */,
				97973CA12276F87E0001AF59 /* Helpers */,
				975C2C582291F70B0005446D /* Art.scnassets */,
				975C2C592291F70E0005446D /* Assets.xcassets */,
				9706B66C21A745C700967191 /* OldGameVC.swift */,
			);
			path = "TBS Shared";
			sourceTree = "<group>";
		};
		975C2C5F2291F70E0005446D /* TBS iOS */ = {
			isa = PBXGroup;
			children = (
				975C2C602291F70E0005446D /* AppDelegate.swift */,
				975C2C622291F70E0005446D /* GameViewController.swift */,
				975C2C642291F70E0005446D /* Main.storyboard */,
				975C2C672291F70E0005446D /* LaunchScreen.storyboard */,
				975C2C6A2291F70E0005446D /* Info.plist */,
			);
			path = "TBS iOS";
			sourceTree = "<group>";
		};
		975C2C892291F70F0005446D /* TBS tvOS */ = {
			isa = PBXGroup;
			children = (
				975C2C8A2291F70F0005446D /* AppDelegate.swift */,
				975C2C8C2291F70F0005446D /* GameViewController.swift */,
				975C2C8E2291F70F0005446D /* Main.storyboard */,
				975C2C912291F70F0005446D /* Info.plist */,
			);
			path = "TBS tvOS";
			sourceTree = "<group>";
		};
		975C2C972291F70F0005446D /* TBS macOS */ = {
			isa = PBXGroup;
			children = (
				975C2C982291F70F0005446D /* AppDelegate.swift */,
				975C2C9A2291F70F0005446D /* GameViewController.swift */,
				975C2C9C2291F70F0005446D /* Main.storyboard */,
				975C2C9F2291F70F0005446D /* Info.plist */,
			);
			path = "TBS macOS";
			sourceTree = "<group>";
		};
		97973CA12276F87E0001AF59 /* Helpers */ = {
			isa = PBXGroup;
			children = (
				97973CA42276FA3E0001AF59 /* GraphicsHelper.swift */,
			);
			path = Helpers;
			sourceTree = "<group>";
		};
		97973CA22276F95D0001AF59 /* Game */ = {
			isa = PBXGroup;
			children = (
				975C2C572291F70B0005446D /* Game.swift */,
				97B391AC221B377B000655A4 /* Field.swift */,
				97B391AA221B301E000655A4 /* Character.swift */,
			);
			path = Game;
			sourceTree = "<group>";
		};
		97A32D94228748A700807521 /* Overlay */ = {
			isa = PBXGroup;
			children = (
				973AA54822823A1D00A89C91 /* OverlayHUD.swift */,
				97A32D922287279900807521 /* SKButton.swift */,
			);
			path = Overlay;
			sourceTree = "<group>";
		};
		97EF8B9A2222A8BD00088510 /* Scene */ = {
			isa = PBXGroup;
			children = (
				97A32D94228748A700807521 /* Overlay */,
				97EF8BA12222B0A800088510 /* GameScene.swift */,
				97EF8B9B2222A8FD00088510 /* SceneView.swift */,
				97EF8B9F2222AA9300088510 /* ARSceneView.swift */,
				97973CA62277A8160001AF59 /* MaterialNode.swift */,
			);
			path = Scene;
			sourceTree = "<group>";
		};
/* End PBXGroup section */

/* Begin PBXNativeTarget section */
		975C2C5D2291F70E0005446D /* TBS iOS */ = {
			isa = PBXNativeTarget;
			buildConfigurationList = 975C2CB42291F70F0005446D /* Build configuration list for PBXNativeTarget "TBS iOS" */;
			buildPhases = (
				975C2C5A2291F70E0005446D /* Sources */,
				975C2C5B2291F70E0005446D /* Frameworks */,
				975C2C5C2291F70E0005446D /* Resources */,
				975C2CB32291F70F0005446D /* Embed Watch Content */,
			);
			buildRules = (
			);
			dependencies = (
			);
			name = "TBS iOS";
			productName = "TBS iOS";
			productReference = 975C2C5E2291F70E0005446D /* TBS.app */;
			productType = "com.apple.product-type.application";
		};
		975C2C872291F70F0005446D /* TBS tvOS */ = {
			isa = PBXNativeTarget;
			buildConfigurationList = 975C2CB72291F70F0005446D /* Build configuration list for PBXNativeTarget "TBS tvOS" */;
			buildPhases = (
				975C2C842291F70F0005446D /* Sources */,
				975C2C852291F70F0005446D /* Frameworks */,
				975C2C862291F70F0005446D /* Resources */,
			);
			buildRules = (
			);
			dependencies = (
			);
			name = "TBS tvOS";
			productName = "TBS tvOS";
			productReference = 975C2C882291F70F0005446D /* TBS.app */;
			productType = "com.apple.product-type.application";
		};
		975C2C952291F70F0005446D /* TBS macOS */ = {
			isa = PBXNativeTarget;
			buildConfigurationList = 975C2CBA2291F70F0005446D /* Build configuration list for PBXNativeTarget "TBS macOS" */;
			buildPhases = (
				975C2C922291F70F0005446D /* Sources */,
				975C2C932291F70F0005446D /* Frameworks */,
				975C2C942291F70F0005446D /* Resources */,
			);
			buildRules = (
			);
			dependencies = (
			);
			name = "TBS macOS";
			productName = "TBS macOS";
			productReference = 975C2C962291F70F0005446D /* TBS.app */;
			productType = "com.apple.product-type.application";
		};
/* End PBXNativeTarget section */

/* Begin PBXProject section */
		9706B65D21A745C700967191 /* Project object */ = {
			isa = PBXProject;
			attributes = {
				LastSwiftUpdateCheck = 1020;
				LastUpgradeCheck = 1010;
				ORGANIZATIONNAME = Damirka;
				TargetAttributes = {
					975C2C5D2291F70E0005446D = {
						CreatedOnToolsVersion = 10.2.1;
					};
					975C2C872291F70F0005446D = {
						CreatedOnToolsVersion = 10.2.1;
					};
					975C2C952291F70F0005446D = {
						CreatedOnToolsVersion = 10.2.1;
					};
				};
			};
			buildConfigurationList = 9706B66021A745C700967191 /* Build configuration list for PBXProject "TBS" */;
			compatibilityVersion = "Xcode 9.3";
			developmentRegion = en;
			hasScannedForEncodings = 0;
			knownRegions = (
				en,
				Base,
			);
			mainGroup = 9706B65C21A745C700967191;
			productRefGroup = 9706B66621A745C700967191 /* Products */;
			projectDirPath = "";
			projectRoot = "";
			targets = (
				975C2C5D2291F70E0005446D /* TBS iOS */,
				975C2C872291F70F0005446D /* TBS tvOS */,
				975C2C952291F70F0005446D /* TBS macOS */,
			);
		};
/* End PBXProject section */

/* Begin PBXResourcesBuildPhase section */
		975C2C5C2291F70E0005446D /* Resources */ = {
			isa = PBXResourcesBuildPhase;
			buildActionMask = 2147483647;
			files = (
				975C2C662291F70E0005446D /* Main.storyboard in Resources */,
				975C2C692291F70E0005446D /* LaunchScreen.storyboard in Resources */,
				97BD650F2346408B00D8EF3B /* README.md in Resources */,
				975C2CA82291F70F0005446D /* Assets.xcassets in Resources */,
				975C2CA42291F70F0005446D /* Art.scnassets in Resources */,
			);
			runOnlyForDeploymentPostprocessing = 0;
		};
		975C2C862291F70F0005446D /* Resources */ = {
			isa = PBXResourcesBuildPhase;
			buildActionMask = 2147483647;
			files = (
				975C2C902291F70F0005446D /* Main.storyboard in Resources */,
				975C2CAA2291F70F0005446D /* Assets.xcassets in Resources */,
				975C2CA62291F70F0005446D /* Art.scnassets in Resources */,
			);
			runOnlyForDeploymentPostprocessing = 0;
		};
		975C2C942291F70F0005446D /* Resources */ = {
			isa = PBXResourcesBuildPhase;
			buildActionMask = 2147483647;
			files = (
				975C2C9E2291F70F0005446D /* Main.storyboard in Resources */,
				975C2CAB2291F70F0005446D /* Assets.xcassets in Resources */,
				975C2CA72291F70F0005446D /* Art.scnassets in Resources */,
			);
			runOnlyForDeploymentPostprocessing = 0;
		};
/* End PBXResourcesBuildPhase section */

/* Begin PBXSourcesBuildPhase section */
		975C2C5A2291F70E0005446D /* Sources */ = {
			isa = PBXSourcesBuildPhase;
			buildActionMask = 2147483647;
			files = (
				975C2CDD2291F8A20005446D /* GraphicsHelper.swift in Sources */,
				975C2CC82291F87C0005446D /* OverlayHUD.swift in Sources */,
				975C2CCC2291F8840005446D /* SKButton.swift in Sources */,
				975C2CD02291F8890005446D /* GameScene.swift in Sources */,
				975C2C632291F70E0005446D /* GameViewController.swift in Sources */,
				975C2CA02291F70F0005446D /* Game.swift in Sources */,
				975C2CD42291F88D0005446D /* SceneView.swift in Sources */,
				975C2CD82291F8980005446D /* ARSceneView.swift in Sources */,
				975C2CD92291F89C0005446D /* MaterialNode.swift in Sources */,
				975C2CC42291F8750005446D /* Character.swift in Sources */,
				975C2CC02291F86D0005446D /* Field.swift in Sources */,
				975C2C612291F70E0005446D /* AppDelegate.swift in Sources */,
			);
			runOnlyForDeploymentPostprocessing = 0;
		};
		975C2C842291F70F0005446D /* Sources */ = {
			isa = PBXSourcesBuildPhase;
			buildActionMask = 2147483647;
			files = (
				975C2CC62291F87B0005446D /* OverlayHUD.swift in Sources */,
				975C2CCA2291F8820005446D /* SKButton.swift in Sources */,
				975C2CCE2291F8880005446D /* GameScene.swift in Sources */,
				975C2C8D2291F70F0005446D /* GameViewController.swift in Sources */,
				975C2CA22291F70F0005446D /* Game.swift in Sources */,
				975C2CDF2291F8A40005446D /* GraphicsHelper.swift in Sources */,
				975C2CD22291F88C0005446D /* SceneView.swift in Sources */,
				975C2CDB2291F89E0005446D /* MaterialNode.swift in Sources */,
				975C2CC22291F8730005446D /* Character.swift in Sources */,
				975C2CBE2291F86B0005446D /* Field.swift in Sources */,
				975C2C8B2291F70F0005446D /* AppDelegate.swift in Sources */,
			);
			runOnlyForDeploymentPostprocessing = 0;
		};
		975C2C922291F70F0005446D /* Sources */ = {
			isa = PBXSourcesBuildPhase;
			buildActionMask = 2147483647;
			files = (
				975C2CC52291F87A0005446D /* OverlayHUD.swift in Sources */,
				975C2CC92291F8820005446D /* SKButton.swift in Sources */,
				975C2CCD2291F8870005446D /* GameScene.swift in Sources */,
				975C2C9B2291F70F0005446D /* GameViewController.swift in Sources */,
				975C2CA32291F70F0005446D /* Game.swift in Sources */,
				975C2CE12291F8A50005446D /* GraphicsHelper.swift in Sources */,
				975C2CD12291F88C0005446D /* SceneView.swift in Sources */,
				975C2CDC2291F89E0005446D /* MaterialNode.swift in Sources */,
				975C2CC12291F8730005446D /* Character.swift in Sources */,
				975C2CBD2291F86A0005446D /* Field.swift in Sources */,
				975C2C992291F70F0005446D /* AppDelegate.swift in Sources */,
			);
			runOnlyForDeploymentPostprocessing = 0;
		};
/* End PBXSourcesBuildPhase section */

/* Begin PBXVariantGroup section */
		975C2C642291F70E0005446D /* Main.storyboard */ = {
			isa = PBXVariantGroup;
			children = (
				975C2C652291F70E0005446D /* Base */,
			);
			name = Main.storyboard;
			sourceTree = "<group>";
		};
		975C2C672291F70E0005446D /* LaunchScreen.storyboard */ = {
			isa = PBXVariantGroup;
			children = (
				975C2C682291F70E0005446D /* Base */,
			);
			name = LaunchScreen.storyboard;
			sourceTree = "<group>";
		};
		975C2C8E2291F70F0005446D /* Main.storyboard */ = {
			isa = PBXVariantGroup;
			children = (
				975C2C8F2291F70F0005446D /* Base */,
			);
			name = Main.storyboard;
			sourceTree = "<group>";
		};
		975C2C9C2291F70F0005446D /* Main.storyboard */ = {
			isa = PBXVariantGroup;
			children = (
				975C2C9D2291F70F0005446D /* Base */,
			);
			name = Main.storyboard;
			sourceTree = "<group>";
		};
/* End PBXVariantGroup section */

/* Begin XCBuildConfiguration section */
		9706B67721A745CA00967191 /* Debug */ = {
			isa = XCBuildConfiguration;
			buildSettings = {
				ALWAYS_SEARCH_USER_PATHS = NO;
				CLANG_ANALYZER_NONNULL = YES;
				CLANG_ANALYZER_NUMBER_OBJECT_CONVERSION = YES_AGGRESSIVE;
				CLANG_CXX_LANGUAGE_STANDARD = "gnu++14";
				CLANG_CXX_LIBRARY = "libc++";
				CLANG_ENABLE_MODULES = YES;
				CLANG_ENABLE_OBJC_ARC = YES;
				CLANG_ENABLE_OBJC_WEAK = YES;
				CLANG_WARN_BLOCK_CAPTURE_AUTORELEASING = YES;
				CLANG_WARN_BOOL_CONVERSION = YES;
				CLANG_WARN_COMMA = YES;
				CLANG_WARN_CONSTANT_CONVERSION = YES;
				CLANG_WARN_DEPRECATED_OBJC_IMPLEMENTATIONS = YES;
				CLANG_WARN_DIRECT_OBJC_ISA_USAGE = YES_ERROR;
				CLANG_WARN_DOCUMENTATION_COMMENTS = YES;
				CLANG_WARN_EMPTY_BODY = YES;
				CLANG_WARN_ENUM_CONVERSION = YES;
				CLANG_WARN_INFINITE_RECURSION = YES;
				CLANG_WARN_INT_CONVERSION = YES;
				CLANG_WARN_NON_LITERAL_NULL_CONVERSION = YES;
				CLANG_WARN_OBJC_IMPLICIT_RETAIN_SELF = YES;
				CLANG_WARN_OBJC_LITERAL_CONVERSION = YES;
				CLANG_WARN_OBJC_ROOT_CLASS = YES_ERROR;
				CLANG_WARN_RANGE_LOOP_ANALYSIS = YES;
				CLANG_WARN_STRICT_PROTOTYPES = YES;
				CLANG_WARN_SUSPICIOUS_MOVE = YES;
				CLANG_WARN_UNGUARDED_AVAILABILITY = YES_AGGRESSIVE;
				CLANG_WARN_UNREACHABLE_CODE = YES;
				CLANG_WARN__DUPLICATE_METHOD_MATCH = YES;
				CODE_SIGN_IDENTITY = "iPhone Developer";
				COPY_PHASE_STRIP = NO;
				DEBUG_INFORMATION_FORMAT = dwarf;
				ENABLE_STRICT_OBJC_MSGSEND = YES;
				ENABLE_TESTABILITY = YES;
				GCC_C_LANGUAGE_STANDARD = gnu11;
				GCC_DYNAMIC_NO_PIC = NO;
				GCC_NO_COMMON_BLOCKS = YES;
				GCC_OPTIMIZATION_LEVEL = 0;
				GCC_PREPROCESSOR_DEFINITIONS = (
					"DEBUG=1",
					"$(inherited)",
				);
				GCC_WARN_64_TO_32_BIT_CONVERSION = YES;
				GCC_WARN_ABOUT_RETURN_TYPE = YES_ERROR;
				GCC_WARN_UNDECLARED_SELECTOR = YES;
				GCC_WARN_UNINITIALIZED_AUTOS = YES_AGGRESSIVE;
				GCC_WARN_UNUSED_FUNCTION = YES;
				GCC_WARN_UNUSED_VARIABLE = YES;
				IPHONEOS_DEPLOYMENT_TARGET = 12.1;
				MTL_ENABLE_DEBUG_INFO = INCLUDE_SOURCE;
				MTL_FAST_MATH = YES;
				ONLY_ACTIVE_ARCH = YES;
				SDKROOT = iphoneos;
				SWIFT_ACTIVE_COMPILATION_CONDITIONS = DEBUG;
				SWIFT_OPTIMIZATION_LEVEL = "-Onone";
			};
			name = Debug;
		};
		9706B67821A745CA00967191 /* Release */ = {
			isa = XCBuildConfiguration;
			buildSettings = {
				ALWAYS_SEARCH_USER_PATHS = NO;
				CLANG_ANALYZER_NONNULL = YES;
				CLANG_ANALYZER_NUMBER_OBJECT_CONVERSION = YES_AGGRESSIVE;
				CLANG_CXX_LANGUAGE_STANDARD = "gnu++14";
				CLANG_CXX_LIBRARY = "libc++";
				CLANG_ENABLE_MODULES = YES;
				CLANG_ENABLE_OBJC_ARC = YES;
				CLANG_ENABLE_OBJC_WEAK = YES;
				CLANG_WARN_BLOCK_CAPTURE_AUTORELEASING = YES;
				CLANG_WARN_BOOL_CONVERSION = YES;
				CLANG_WARN_COMMA = YES;
				CLANG_WARN_CONSTANT_CONVERSION = YES;
				CLANG_WARN_DEPRECATED_OBJC_IMPLEMENTATIONS = YES;
				CLANG_WARN_DIRECT_OBJC_ISA_USAGE = YES_ERROR;
				CLANG_WARN_DOCUMENTATION_COMMENTS = YES;
				CLANG_WARN_EMPTY_BODY = YES;
				CLANG_WARN_ENUM_CONVERSION = YES;
				CLANG_WARN_INFINITE_RECURSION = YES;
				CLANG_WARN_INT_CONVERSION = YES;
				CLANG_WARN_NON_LITERAL_NULL_CONVERSION = YES;
				CLANG_WARN_OBJC_IMPLICIT_RETAIN_SELF = YES;
				CLANG_WARN_OBJC_LITERAL_CONVERSION = YES;
				CLANG_WARN_OBJC_ROOT_CLASS = YES_ERROR;
				CLANG_WARN_RANGE_LOOP_ANALYSIS = YES;
				CLANG_WARN_STRICT_PROTOTYPES = YES;
				CLANG_WARN_SUSPICIOUS_MOVE = YES;
				CLANG_WARN_UNGUARDED_AVAILABILITY = YES_AGGRESSIVE;
				CLANG_WARN_UNREACHABLE_CODE = YES;
				CLANG_WARN__DUPLICATE_METHOD_MATCH = YES;
				CODE_SIGN_IDENTITY = "iPhone Developer";
				COPY_PHASE_STRIP = NO;
				DEBUG_INFORMATION_FORMAT = "dwarf-with-dsym";
				ENABLE_NS_ASSERTIONS = NO;
				ENABLE_STRICT_OBJC_MSGSEND = YES;
				GCC_C_LANGUAGE_STANDARD = gnu11;
				GCC_NO_COMMON_BLOCKS = YES;
				GCC_WARN_64_TO_32_BIT_CONVERSION = YES;
				GCC_WARN_ABOUT_RETURN_TYPE = YES_ERROR;
				GCC_WARN_UNDECLARED_SELECTOR = YES;
				GCC_WARN_UNINITIALIZED_AUTOS = YES_AGGRESSIVE;
				GCC_WARN_UNUSED_FUNCTION = YES;
				GCC_WARN_UNUSED_VARIABLE = YES;
				IPHONEOS_DEPLOYMENT_TARGET = 12.1;
				MTL_ENABLE_DEBUG_INFO = NO;
				MTL_FAST_MATH = YES;
				SDKROOT = iphoneos;
				SWIFT_COMPILATION_MODE = wholemodule;
				SWIFT_OPTIMIZATION_LEVEL = "-O";
				VALIDATE_PRODUCT = YES;
			};
			name = Release;
		};
		975C2CB52291F70F0005446D /* Debug */ = {
			isa = XCBuildConfiguration;
			buildSettings = {
				ASSETCATALOG_COMPILER_APPICON_NAME = AppIcon;
				CODE_SIGN_IDENTITY = "iPhone Developer";
				CODE_SIGN_STYLE = Automatic;
				DEVELOPMENT_TEAM = BZ82DRDZY8;
				INFOPLIST_FILE = "TBS iOS/Info.plist";
				IPHONEOS_DEPLOYMENT_TARGET = 12.2;
				LD_RUNPATH_SEARCH_PATHS = (
					"$(inherited)",
					"@executable_path/Frameworks",
				);
				PRODUCT_BUNDLE_IDENTIFIER = com.damirka.TBS;
				PRODUCT_NAME = TBS;
				SDKROOT = iphoneos;
				SWIFT_VERSION = 5.0;
				TARGETED_DEVICE_FAMILY = "1,2";
			};
			name = Debug;
		};
		975C2CB62291F70F0005446D /* Release */ = {
			isa = XCBuildConfiguration;
			buildSettings = {
				ASSETCATALOG_COMPILER_APPICON_NAME = AppIcon;
				CODE_SIGN_IDENTITY = "iPhone Developer";
				CODE_SIGN_STYLE = Automatic;
				DEVELOPMENT_TEAM = BZ82DRDZY8;
				INFOPLIST_FILE = "TBS iOS/Info.plist";
				IPHONEOS_DEPLOYMENT_TARGET = 12.2;
				LD_RUNPATH_SEARCH_PATHS = (
					"$(inherited)",
					"@executable_path/Frameworks",
				);
				PRODUCT_BUNDLE_IDENTIFIER = com.damirka.TBS;
				PRODUCT_NAME = TBS;
				SDKROOT = iphoneos;
				SWIFT_VERSION = 5.0;
				TARGETED_DEVICE_FAMILY = "1,2";
				VALIDATE_PRODUCT = YES;
			};
			name = Release;
		};
		975C2CB82291F70F0005446D /* Debug */ = {
			isa = XCBuildConfiguration;
			buildSettings = {
				ASSETCATALOG_COMPILER_APPICON_NAME = "tvOS App Icon & Top Shelf Image";
				ASSETCATALOG_COMPILER_LAUNCHIMAGE_NAME = "tvOS LaunchImage";
				CODE_SIGN_STYLE = Automatic;
				DEVELOPMENT_TEAM = BZ82DRDZY8;
				INFOPLIST_FILE = "TBS tvOS/Info.plist";
				LD_RUNPATH_SEARCH_PATHS = (
					"$(inherited)",
					"@executable_path/Frameworks",
				);
				PRODUCT_BUNDLE_IDENTIFIER = com.damirka.TBS;
				PRODUCT_NAME = TBS;
				SDKROOT = appletvos;
				SWIFT_VERSION = 5.0;
				TARGETED_DEVICE_FAMILY = 3;
				TVOS_DEPLOYMENT_TARGET = 12.2;
			};
			name = Debug;
		};
		975C2CB92291F70F0005446D /* Release */ = {
			isa = XCBuildConfiguration;
			buildSettings = {
				ASSETCATALOG_COMPILER_APPICON_NAME = "tvOS App Icon & Top Shelf Image";
				ASSETCATALOG_COMPILER_LAUNCHIMAGE_NAME = "tvOS LaunchImage";
				CODE_SIGN_STYLE = Automatic;
				DEVELOPMENT_TEAM = BZ82DRDZY8;
				INFOPLIST_FILE = "TBS tvOS/Info.plist";
				LD_RUNPATH_SEARCH_PATHS = (
					"$(inherited)",
					"@executable_path/Frameworks",
				);
				PRODUCT_BUNDLE_IDENTIFIER = com.damirka.TBS;
				PRODUCT_NAME = TBS;
				SDKROOT = appletvos;
				SWIFT_VERSION = 5.0;
				TARGETED_DEVICE_FAMILY = 3;
				TVOS_DEPLOYMENT_TARGET = 12.2;
				VALIDATE_PRODUCT = YES;
			};
			name = Release;
		};
		975C2CBB2291F70F0005446D /* Debug */ = {
			isa = XCBuildConfiguration;
			buildSettings = {
				ASSETCATALOG_COMPILER_APPICON_NAME = AppIcon;
				CODE_SIGN_IDENTITY = "-";
				CODE_SIGN_STYLE = Automatic;
				COMBINE_HIDPI_IMAGES = YES;
				DEVELOPMENT_TEAM = BZ82DRDZY8;
				INFOPLIST_FILE = "TBS macOS/Info.plist";
				LD_RUNPATH_SEARCH_PATHS = (
					"$(inherited)",
					"@executable_path/../Frameworks",
				);
				MACOSX_DEPLOYMENT_TARGET = 10.14;
				PRODUCT_BUNDLE_IDENTIFIER = com.damirka.TBS;
				PRODUCT_NAME = TBS;
				SDKROOT = macosx;
				SWIFT_VERSION = 5.0;
			};
			name = Debug;
		};
		975C2CBC2291F70F0005446D /* Release */ = {
			isa = XCBuildConfiguration;
			buildSettings = {
				ASSETCATALOG_COMPILER_APPICON_NAME = AppIcon;
				CODE_SIGN_IDENTITY = "-";
				CODE_SIGN_STYLE = Automatic;
				COMBINE_HIDPI_IMAGES = YES;
				DEVELOPMENT_TEAM = BZ82DRDZY8;
				INFOPLIST_FILE = "TBS macOS/Info.plist";
				LD_RUNPATH_SEARCH_PATHS = (
					"$(inherited)",
					"@executable_path/../Frameworks",
				);
				MACOSX_DEPLOYMENT_TARGET = 10.14;
				PRODUCT_BUNDLE_IDENTIFIER = com.damirka.TBS;
				PRODUCT_NAME = TBS;
				SDKROOT = macosx;
				SWIFT_VERSION = 5.0;
			};
			name = Release;
		};
/* End XCBuildConfiguration section */

/* Begin XCConfigurationList section */
		9706B66021A745C700967191 /* Build configuration list for PBXProject "TBS" */ = {
			isa = XCConfigurationList;
			buildConfigurations = (
				9706B67721A745CA00967191 /* Debug */,
				9706B67821A745CA00967191 /* Release */,
			);
			defaultConfigurationIsVisible = 0;
			defaultConfigurationName = Release;
		};
		975C2CB42291F70F0005446D /* Build configuration list for PBXNativeTarget "TBS iOS" */ = {
			isa = XCConfigurationList;
			buildConfigurations = (
				975C2CB52291F70F0005446D /* Debug */,
				975C2CB62291F70F0005446D /* Release */,
			);
			defaultConfigurationIsVisible = 0;
			defaultConfigurationName = Release;
		};
		975C2CB72291F70F0005446D /* Build configuration list for PBXNativeTarget "TBS tvOS" */ = {
			isa = XCConfigurationList;
			buildConfigurations = (
				975C2CB82291F70F0005446D /* Debug */,
				975C2CB92291F70F0005446D /* Release */,
			);
			defaultConfigurationIsVisible = 0;
			defaultConfigurationName = Release;
		};
		975C2CBA2291F70F0005446D /* Build configuration list for PBXNativeTarget "TBS macOS" */ = {
			isa = XCConfigurationList;
			buildConfigurations = (
				975C2CBB2291F70F0005446D /* Debug */,
				975C2CBC2291F70F0005446D /* Release */,
			);
			defaultConfigurationIsVisible = 0;
			defaultConfigurationName = Release;
		};
/* End XCConfigurationList section */
	};
	rootObject = 9706B65D21A745C700967191 /* Project object */;
}
