// !$*UTF8*$!
{
	archiveVersion = 1;
	classes = {
	};
	objectVersion = 55;
	objects = {

/* Begin PBXBuildFile section */
		971D8B41267D495B00F0A193 /* View+Extenstions.swift in Sources */ = {isa = PBXBuildFile; fileRef = 971D8B40267D495B00F0A193 /* View+Extenstions.swift */; };
		9728694C2688FD5B00FF1BB1 /* TogetherGame.swift in Sources */ = {isa = PBXBuildFile; fileRef = 9728694B2688FD5B00FF1BB1 /* TogetherGame.swift */; };
		9728694E2688FEFD00FF1BB1 /* TogetherGameView.swift in Sources */ = {isa = PBXBuildFile; fileRef = 9728694D2688FEFD00FF1BB1 /* TogetherGameView.swift */; };
		975D4D9F267F98C4007CC8A0 /* LightHelpers.swift in Sources */ = {isa = PBXBuildFile; fileRef = 975D4D9E267F98C4007CC8A0 /* LightHelpers.swift */; };
		975D4DA1267FBEB0007CC8A0 /* README.md in Resources */ = {isa = PBXBuildFile; fileRef = 975D4DA0267FBEB0007CC8A0 /* README.md */; };
		978C1026267379B100E23D85 /* StupidDelegate.swift in Sources */ = {isa = PBXBuildFile; fileRef = 978C1025267379B100E23D85 /* StupidDelegate.swift */; };
		978C102826737CA100E23D85 /* Entity.swift in Sources */ = {isa = PBXBuildFile; fileRef = 978C102726737CA100E23D85 /* Entity.swift */; };
		978C102B26737E3B00E23D85 /* Hero.swift in Sources */ = {isa = PBXBuildFile; fileRef = 978C102A26737E3B00E23D85 /* Hero.swift */; };
		978C102D267383A000E23D85 /* Ability.swift in Sources */ = {isa = PBXBuildFile; fileRef = 978C102C267383A000E23D85 /* Ability.swift */; };
		978C102F2673846800E23D85 /* Shield.swift in Sources */ = {isa = PBXBuildFile; fileRef = 978C102E2673846800E23D85 /* Shield.swift */; };
		97BDFA412683EDC70016CE77 /* Team.swift in Sources */ = {isa = PBXBuildFile; fileRef = 97BDFA402683EDC70016CE77 /* Team.swift */; };
		97CACB14267A8D6D00A13A02 /* Game.swift in Sources */ = {isa = PBXBuildFile; fileRef = 97CACB13267A8D6D00A13A02 /* Game.swift */; };
		97CACB17267A905500A13A02 /* GameView.swift in Sources */ = {isa = PBXBuildFile; fileRef = 97CACB16267A905500A13A02 /* GameView.swift */; };
		97CACB1A267AAE5D00A13A02 /* MinimalDemo.swift in Sources */ = {isa = PBXBuildFile; fileRef = 97CACB19267AAE5D00A13A02 /* MinimalDemo.swift */; };
		97CACB1C267AAF3500A13A02 /* MinimalDemoView.swift in Sources */ = {isa = PBXBuildFile; fileRef = 97CACB1B267AAF3500A13A02 /* MinimalDemoView.swift */; };
		ED63086D2670C91C003FD347 /* MaterialButtonStyle.swift in Sources */ = {isa = PBXBuildFile; fileRef = ED63086C2670C91C003FD347 /* MaterialButtonStyle.swift */; };
		ED63086F2670CB73003FD347 /* ScaleButtonStyle.swift in Sources */ = {isa = PBXBuildFile; fileRef = ED63086E2670CB73003FD347 /* ScaleButtonStyle.swift */; };
		EDD3DBCC26700EF1001E7373 /* SCNVector3+Extensions.swift in Sources */ = {isa = PBXBuildFile; fileRef = EDD3DBCB26700EF1001E7373 /* SCNVector3+Extensions.swift */; };
		EDD3DBCE26701B97001E7373 /* Hitscan.swift in Sources */ = {isa = PBXBuildFile; fileRef = EDD3DBCD26701B97001E7373 /* Hitscan.swift */; };
		EDE3A154266F803A00362308 /* SwiftUIGamesApp.swift in Sources */ = {isa = PBXBuildFile; fileRef = EDE3A146266F803900362308 /* SwiftUIGamesApp.swift */; };
		EDE3A158266F803A00362308 /* Assets.xcassets in Resources */ = {isa = PBXBuildFile; fileRef = EDE3A148266F803A00362308 /* Assets.xcassets */; };
		EDE3A16F266F83E300362308 /* CardView.swift in Sources */ = {isa = PBXBuildFile; fileRef = EDE3A163266F83E300362308 /* CardView.swift */; };
		EDE3A170266F83E300362308 /* MenuView.swift in Sources */ = {isa = PBXBuildFile; fileRef = EDE3A164266F83E300362308 /* MenuView.swift */; };
		EDE3A171266F83E300362308 /* Themes.swift in Sources */ = {isa = PBXBuildFile; fileRef = EDE3A166266F83E300362308 /* Themes.swift */; };
		EDE3A172266F83E300362308 /* DebugHelpers.swift in Sources */ = {isa = PBXBuildFile; fileRef = EDE3A167266F83E300362308 /* DebugHelpers.swift */; };
		EDE3A173266F83E300362308 /* Samples.swift in Sources */ = {isa = PBXBuildFile; fileRef = EDE3A168266F83E300362308 /* Samples.swift */; };
		EDE3A174266F83E300362308 /* TBSGameView.swift in Sources */ = {isa = PBXBuildFile; fileRef = EDE3A16A266F83E300362308 /* TBSGameView.swift */; };
		EDE3A175266F83E300362308 /* TBSGame.swift in Sources */ = {isa = PBXBuildFile; fileRef = EDE3A16B266F83E300362308 /* TBSGame.swift */; };
		EDE3A176266F83E300362308 /* Field.swift in Sources */ = {isa = PBXBuildFile; fileRef = EDE3A16D266F83E300362308 /* Field.swift */; };
		EDE3A177266F83E300362308 /* MaterialNode.swift in Sources */ = {isa = PBXBuildFile; fileRef = EDE3A16E266F83E300362308 /* MaterialNode.swift */; };
/* End PBXBuildFile section */

/* Begin PBXFileReference section */
		971D8B40267D495B00F0A193 /* View+Extenstions.swift */ = {isa = PBXFileReference; lastKnownFileType = sourcecode.swift; path = "View+Extenstions.swift"; sourceTree = "<group>"; };
		9728694B2688FD5B00FF1BB1 /* TogetherGame.swift */ = {isa = PBXFileReference; lastKnownFileType = sourcecode.swift; path = TogetherGame.swift; sourceTree = "<group>"; };
		9728694D2688FEFD00FF1BB1 /* TogetherGameView.swift */ = {isa = PBXFileReference; lastKnownFileType = sourcecode.swift; path = TogetherGameView.swift; sourceTree = "<group>"; };
		975D4D9E267F98C4007CC8A0 /* LightHelpers.swift */ = {isa = PBXFileReference; lastKnownFileType = sourcecode.swift; path = LightHelpers.swift; sourceTree = "<group>"; };
		975D4DA0267FBEB0007CC8A0 /* README.md */ = {isa = PBXFileReference; fileEncoding = 4; lastKnownFileType = net.daringfireball.markdown; path = README.md; sourceTree = "<group>"; };
		978C1025267379B100E23D85 /* StupidDelegate.swift */ = {isa = PBXFileReference; lastKnownFileType = sourcecode.swift; path = StupidDelegate.swift; sourceTree = "<group>"; };
		978C102726737CA100E23D85 /* Entity.swift */ = {isa = PBXFileReference; lastKnownFileType = sourcecode.swift; path = Entity.swift; sourceTree = "<group>"; };
		978C102A26737E3B00E23D85 /* Hero.swift */ = {isa = PBXFileReference; lastKnownFileType = sourcecode.swift; path = Hero.swift; sourceTree = "<group>"; };
		978C102C267383A000E23D85 /* Ability.swift */ = {isa = PBXFileReference; lastKnownFileType = sourcecode.swift; path = Ability.swift; sourceTree = "<group>"; };
		978C102E2673846800E23D85 /* Shield.swift */ = {isa = PBXFileReference; lastKnownFileType = sourcecode.swift; path = Shield.swift; sourceTree = "<group>"; };
		97BDFA402683EDC70016CE77 /* Team.swift */ = {isa = PBXFileReference; lastKnownFileType = sourcecode.swift; path = Team.swift; sourceTree = "<group>"; };
		97CACB13267A8D6D00A13A02 /* Game.swift */ = {isa = PBXFileReference; lastKnownFileType = sourcecode.swift; path = Game.swift; sourceTree = "<group>"; };
		97CACB16267A905500A13A02 /* GameView.swift */ = {isa = PBXFileReference; lastKnownFileType = sourcecode.swift; path = GameView.swift; sourceTree = "<group>"; };
		97CACB19267AAE5D00A13A02 /* MinimalDemo.swift */ = {isa = PBXFileReference; lastKnownFileType = sourcecode.swift; path = MinimalDemo.swift; sourceTree = "<group>"; };
		97CACB1B267AAF3500A13A02 /* MinimalDemoView.swift */ = {isa = PBXFileReference; lastKnownFileType = sourcecode.swift; path = MinimalDemoView.swift; sourceTree = "<group>"; };
		ED63086C2670C91C003FD347 /* MaterialButtonStyle.swift */ = {isa = PBXFileReference; lastKnownFileType = sourcecode.swift; path = MaterialButtonStyle.swift; sourceTree = "<group>"; };
		ED63086E2670CB73003FD347 /* ScaleButtonStyle.swift */ = {isa = PBXFileReference; lastKnownFileType = sourcecode.swift; path = ScaleButtonStyle.swift; sourceTree = "<group>"; };
		EDD3DBCB26700EF1001E7373 /* SCNVector3+Extensions.swift */ = {isa = PBXFileReference; lastKnownFileType = sourcecode.swift; path = "SCNVector3+Extensions.swift"; sourceTree = "<group>"; };
		EDD3DBCD26701B97001E7373 /* Hitscan.swift */ = {isa = PBXFileReference; fileEncoding = 4; lastKnownFileType = sourcecode.swift; path = Hitscan.swift; sourceTree = "<group>"; };
		EDE3A146266F803900362308 /* SwiftUIGamesApp.swift */ = {isa = PBXFileReference; lastKnownFileType = sourcecode.swift; path = SwiftUIGamesApp.swift; sourceTree = "<group>"; };
		EDE3A148266F803A00362308 /* Assets.xcassets */ = {isa = PBXFileReference; lastKnownFileType = folder.assetcatalog; path = Assets.xcassets; sourceTree = "<group>"; };
		EDE3A14D266F803A00362308 /* SwiftUI-Games.app */ = {isa = PBXFileReference; explicitFileType = wrapper.application; includeInIndex = 0; path = "SwiftUI-Games.app"; sourceTree = BUILT_PRODUCTS_DIR; };
		EDE3A163266F83E300362308 /* CardView.swift */ = {isa = PBXFileReference; fileEncoding = 4; lastKnownFileType = sourcecode.swift; path = CardView.swift; sourceTree = "<group>"; };
		EDE3A164266F83E300362308 /* MenuView.swift */ = {isa = PBXFileReference; fileEncoding = 4; lastKnownFileType = sourcecode.swift; path = MenuView.swift; sourceTree = "<group>"; };
		EDE3A166266F83E300362308 /* Themes.swift */ = {isa = PBXFileReference; fileEncoding = 4; lastKnownFileType = sourcecode.swift; path = Themes.swift; sourceTree = "<group>"; };
		EDE3A167266F83E300362308 /* DebugHelpers.swift */ = {isa = PBXFileReference; fileEncoding = 4; lastKnownFileType = sourcecode.swift; path = DebugHelpers.swift; sourceTree = "<group>"; };
		EDE3A168266F83E300362308 /* Samples.swift */ = {isa = PBXFileReference; fileEncoding = 4; lastKnownFileType = sourcecode.swift; path = Samples.swift; sourceTree = "<group>"; };
		EDE3A16A266F83E300362308 /* TBSGameView.swift */ = {isa = PBXFileReference; fileEncoding = 4; lastKnownFileType = sourcecode.swift; path = TBSGameView.swift; sourceTree = "<group>"; };
		EDE3A16B266F83E300362308 /* TBSGame.swift */ = {isa = PBXFileReference; fileEncoding = 4; lastKnownFileType = sourcecode.swift; path = TBSGame.swift; sourceTree = "<group>"; };
		EDE3A16D266F83E300362308 /* Field.swift */ = {isa = PBXFileReference; fileEncoding = 4; lastKnownFileType = sourcecode.swift; path = Field.swift; sourceTree = "<group>"; };
		EDE3A16E266F83E300362308 /* MaterialNode.swift */ = {isa = PBXFileReference; fileEncoding = 4; lastKnownFileType = sourcecode.swift; path = MaterialNode.swift; sourceTree = "<group>"; };
/* End PBXFileReference section */

/* Begin PBXFrameworksBuildPhase section */
		EDE3A14A266F803A00362308 /* Frameworks */ = {
			isa = PBXFrameworksBuildPhase;
			buildActionMask = 2147483647;
			files = (
			);
			runOnlyForDeploymentPostprocessing = 0;
		};
/* End PBXFrameworksBuildPhase section */

/* Begin PBXGroup section */
		9728694A2688FD3200FF1BB1 /* TogetherGame */ = {
			isa = PBXGroup;
			children = (
				9728694B2688FD5B00FF1BB1 /* TogetherGame.swift */,
				9728694D2688FEFD00FF1BB1 /* TogetherGameView.swift */,
			);
			path = TogetherGame;
			sourceTree = "<group>";
		};
		978C102926737CB100E23D85 /* Entities */ = {
			isa = PBXGroup;
			children = (
				978C102726737CA100E23D85 /* Entity.swift */,
				978C102E2673846800E23D85 /* Shield.swift */,
				978C102A26737E3B00E23D85 /* Hero.swift */,
				EDE3A16D266F83E300362308 /* Field.swift */,
			);
			path = Entities;
			sourceTree = "<group>";
		};
		97CACB15267A8DE100A13A02 /* TBS */ = {
			isa = PBXGroup;
			children = (
				EDE3A16B266F83E300362308 /* TBSGame.swift */,
				EDE3A16A266F83E300362308 /* TBSGameView.swift */,
			);
			path = TBS;
			sourceTree = "<group>";
		};
		97CACB18267AAE2E00A13A02 /* Minimal Demo */ = {
			isa = PBXGroup;
			children = (
				97CACB19267AAE5D00A13A02 /* MinimalDemo.swift */,
				97CACB1B267AAF3500A13A02 /* MinimalDemoView.swift */,
			);
			path = "Minimal Demo";
			sourceTree = "<group>";
		};
		ED63086B2670C8EB003FD347 /* UI */ = {
			isa = PBXGroup;
			children = (
				EDE3A162266F83E300362308 /* Menu */,
				EDC4F3B32670FAFA0048E885 /* Buttons */,
				971D8B40267D495B00F0A193 /* View+Extenstions.swift */,
			);
			path = UI;
			sourceTree = "<group>";
		};
		EDC4F3B32670FAFA0048E885 /* Buttons */ = {
			isa = PBXGroup;
			children = (
				ED63086C2670C91C003FD347 /* MaterialButtonStyle.swift */,
				ED63086E2670CB73003FD347 /* ScaleButtonStyle.swift */,
			);
			path = Buttons;
			sourceTree = "<group>";
		};
		EDE3A140266F803800362308 = {
			isa = PBXGroup;
			children = (
				EDE3A145266F803900362308 /* Shared */,
				975D4DA0267FBEB0007CC8A0 /* README.md */,
				EDE3A14E266F803A00362308 /* Products */,
			);
			sourceTree = "<group>";
		};
		EDE3A145266F803900362308 /* Shared */ = {
			isa = PBXGroup;
			children = (
				EDE3A169266F83E300362308 /* Games */,
				ED63086B2670C8EB003FD347 /* UI */,
				EDE3A165266F83E300362308 /* Helpers */,
				EDE3A146266F803900362308 /* SwiftUIGamesApp.swift */,
				EDE3A148266F803A00362308 /* Assets.xcassets */,
			);
			path = Shared;
			sourceTree = "<group>";
		};
		EDE3A14E266F803A00362308 /* Products */ = {
			isa = PBXGroup;
			children = (
				EDE3A14D266F803A00362308 /* SwiftUI-Games.app */,
			);
			name = Products;
			sourceTree = "<group>";
		};
		EDE3A162266F83E300362308 /* Menu */ = {
			isa = PBXGroup;
			children = (
				EDE3A164266F83E300362308 /* MenuView.swift */,
				EDE3A163266F83E300362308 /* CardView.swift */,
			);
			path = Menu;
			sourceTree = "<group>";
		};
		EDE3A165266F83E300362308 /* Helpers */ = {
			isa = PBXGroup;
			children = (
				EDE3A16C266F83E300362308 /* Scene */,
				EDE3A166266F83E300362308 /* Themes.swift */,
				EDE3A168266F83E300362308 /* Samples.swift */,
				975D4D9E267F98C4007CC8A0 /* LightHelpers.swift */,
			);
			path = Helpers;
			sourceTree = "<group>";
		};
		EDE3A169266F83E300362308 /* Games */ = {
			isa = PBXGroup;
			children = (
				97CACB18267AAE2E00A13A02 /* Minimal Demo */,
				97CACB15267A8DE100A13A02 /* TBS */,
				9728694A2688FD3200FF1BB1 /* TogetherGame */,
				978C102926737CB100E23D85 /* Entities */,
				97CACB13267A8D6D00A13A02 /* Game.swift */,
				97CACB16267A905500A13A02 /* GameView.swift */,
				EDE3A16E266F83E300362308 /* MaterialNode.swift */,
				97BDFA402683EDC70016CE77 /* Team.swift */,
				978C102C267383A000E23D85 /* Ability.swift */,
				EDD3DBCD26701B97001E7373 /* Hitscan.swift */,
			);
			path = Games;
			sourceTree = "<group>";
		};
		EDE3A16C266F83E300362308 /* Scene */ = {
			isa = PBXGroup;
			children = (
				EDE3A167266F83E300362308 /* DebugHelpers.swift */,
				EDD3DBCB26700EF1001E7373 /* SCNVector3+Extensions.swift */,
				978C1025267379B100E23D85 /* StupidDelegate.swift */,
			);
			path = Scene;
			sourceTree = "<group>";
		};
/* End PBXGroup section */

/* Begin PBXNativeTarget section */
		EDE3A14C266F803A00362308 /* SwiftUI-Games (iOS) */ = {
			isa = PBXNativeTarget;
			buildConfigurationList = EDE3A15C266F803A00362308 /* Build configuration list for PBXNativeTarget "SwiftUI-Games (iOS)" */;
			buildPhases = (
				EDE3A149266F803A00362308 /* Sources */,
				EDE3A14A266F803A00362308 /* Frameworks */,
				EDE3A14B266F803A00362308 /* Resources */,
			);
			buildRules = (
			);
			dependencies = (
			);
			name = "SwiftUI-Games (iOS)";
			productName = "TBS3 (iOS)";
			productReference = EDE3A14D266F803A00362308 /* SwiftUI-Games.app */;
			productType = "com.apple.product-type.application";
		};
/* End PBXNativeTarget section */

/* Begin PBXProject section */
		EDE3A141266F803800362308 /* Project object */ = {
			isa = PBXProject;
			attributes = {
				BuildIndependentTargetsInParallel = 1;
				LastSwiftUpdateCheck = 1300;
				LastUpgradeCheck = 1300;
				TargetAttributes = {
					EDE3A14C266F803A00362308 = {
						CreatedOnToolsVersion = 13.0;
					};
				};
			};
			buildConfigurationList = EDE3A144266F803800362308 /* Build configuration list for PBXProject "SwiftUI-Games" */;
			compatibilityVersion = "Xcode 13.0";
			developmentRegion = en;
			hasScannedForEncodings = 0;
			knownRegions = (
				en,
				Base,
			);
			mainGroup = EDE3A140266F803800362308;
			productRefGroup = EDE3A14E266F803A00362308 /* Products */;
			projectDirPath = "";
			projectRoot = "";
			targets = (
				EDE3A14C266F803A00362308 /* SwiftUI-Games (iOS) */,
			);
		};
/* End PBXProject section */

/* Begin PBXResourcesBuildPhase section */
		EDE3A14B266F803A00362308 /* Resources */ = {
			isa = PBXResourcesBuildPhase;
			buildActionMask = 2147483647;
			files = (
				975D4DA1267FBEB0007CC8A0 /* README.md in Resources */,
				EDE3A158266F803A00362308 /* Assets.xcassets in Resources */,
			);
			runOnlyForDeploymentPostprocessing = 0;
		};
/* End PBXResourcesBuildPhase section */

/* Begin PBXSourcesBuildPhase section */
		EDE3A149266F803A00362308 /* Sources */ = {
			isa = PBXSourcesBuildPhase;
			buildActionMask = 2147483647;
			files = (
				97BDFA412683EDC70016CE77 /* Team.swift in Sources */,
				978C102B26737E3B00E23D85 /* Hero.swift in Sources */,
				978C102F2673846800E23D85 /* Shield.swift in Sources */,
				EDE3A176266F83E300362308 /* Field.swift in Sources */,
				971D8B41267D495B00F0A193 /* View+Extenstions.swift in Sources */,
				ED63086D2670C91C003FD347 /* MaterialButtonStyle.swift in Sources */,
				EDE3A175266F83E300362308 /* TBSGame.swift in Sources */,
				EDE3A173266F83E300362308 /* Samples.swift in Sources */,
				978C102826737CA100E23D85 /* Entity.swift in Sources */,
				EDE3A172266F83E300362308 /* DebugHelpers.swift in Sources */,
				97CACB1C267AAF3500A13A02 /* MinimalDemoView.swift in Sources */,
				EDE3A170266F83E300362308 /* MenuView.swift in Sources */,
				EDE3A16F266F83E300362308 /* CardView.swift in Sources */,
				EDE3A177266F83E300362308 /* MaterialNode.swift in Sources */,
				97CACB14267A8D6D00A13A02 /* Game.swift in Sources */,
				978C102D267383A000E23D85 /* Ability.swift in Sources */,
				9728694E2688FEFD00FF1BB1 /* TogetherGameView.swift in Sources */,
				97CACB17267A905500A13A02 /* GameView.swift in Sources */,
				978C1026267379B100E23D85 /* StupidDelegate.swift in Sources */,
				EDE3A171266F83E300362308 /* Themes.swift in Sources */,
				975D4D9F267F98C4007CC8A0 /* LightHelpers.swift in Sources */,
				EDE3A174266F83E300362308 /* TBSGameView.swift in Sources */,
				ED63086F2670CB73003FD347 /* ScaleButtonStyle.swift in Sources */,
				EDE3A154266F803A00362308 /* SwiftUIGamesApp.swift in Sources */,
				9728694C2688FD5B00FF1BB1 /* TogetherGame.swift in Sources */,
				97CACB1A267AAE5D00A13A02 /* MinimalDemo.swift in Sources */,
				EDD3DBCE26701B97001E7373 /* Hitscan.swift in Sources */,
				EDD3DBCC26700EF1001E7373 /* SCNVector3+Extensions.swift in Sources */,
			);
			runOnlyForDeploymentPostprocessing = 0;
		};
/* End PBXSourcesBuildPhase section */

/* Begin XCBuildConfiguration section */
		EDE3A15A266F803A00362308 /* Debug */ = {
			isa = XCBuildConfiguration;
			buildSettings = {
				ALWAYS_SEARCH_USER_PATHS = NO;
				CLANG_ANALYZER_NONNULL = YES;
				CLANG_ANALYZER_NUMBER_OBJECT_CONVERSION = YES_AGGRESSIVE;
				CLANG_CXX_LANGUAGE_STANDARD = "gnu++14";
				CLANG_CXX_LIBRARY = "libc++";
				CLANG_ENABLE_MODULES = YES;
				CLANG_ENABLE_OBJC_ARC = YES;
				CLANG_ENABLE_OBJC_WEAK = YES;
				CLANG_WARN_BLOCK_CAPTURE_AUTORELEASING = YES;
				CLANG_WARN_BOOL_CONVERSION = YES;
				CLANG_WARN_COMMA = YES;
				CLANG_WARN_CONSTANT_CONVERSION = YES;
				CLANG_WARN_DEPRECATED_OBJC_IMPLEMENTATIONS = YES;
				CLANG_WARN_DIRECT_OBJC_ISA_USAGE = YES_ERROR;
				CLANG_WARN_DOCUMENTATION_COMMENTS = YES;
				CLANG_WARN_EMPTY_BODY = YES;
				CLANG_WARN_ENUM_CONVERSION = YES;
				CLANG_WARN_INFINITE_RECURSION = YES;
				CLANG_WARN_INT_CONVERSION = YES;
				CLANG_WARN_NON_LITERAL_NULL_CONVERSION = YES;
				CLANG_WARN_OBJC_IMPLICIT_RETAIN_SELF = YES;
				CLANG_WARN_OBJC_LITERAL_CONVERSION = YES;
				CLANG_WARN_OBJC_ROOT_CLASS = YES_ERROR;
				CLANG_WARN_QUOTED_INCLUDE_IN_FRAMEWORK_HEADER = YES;
				CLANG_WARN_RANGE_LOOP_ANALYSIS = YES;
				CLANG_WARN_STRICT_PROTOTYPES = YES;
				CLANG_WARN_SUSPICIOUS_MOVE = YES;
				CLANG_WARN_UNGUARDED_AVAILABILITY = YES_AGGRESSIVE;
				CLANG_WARN_UNREACHABLE_CODE = YES;
				CLANG_WARN__DUPLICATE_METHOD_MATCH = YES;
				COPY_PHASE_STRIP = NO;
				DEBUG_INFORMATION_FORMAT = dwarf;
				ENABLE_STRICT_OBJC_MSGSEND = YES;
				ENABLE_TESTABILITY = YES;
				GCC_C_LANGUAGE_STANDARD = gnu11;
				GCC_DYNAMIC_NO_PIC = NO;
				GCC_NO_COMMON_BLOCKS = YES;
				GCC_OPTIMIZATION_LEVEL = 0;
				GCC_PREPROCESSOR_DEFINITIONS = (
					"DEBUG=1",
					"$(inherited)",
				);
				GCC_WARN_64_TO_32_BIT_CONVERSION = YES;
				GCC_WARN_ABOUT_RETURN_TYPE = YES_ERROR;
				GCC_WARN_UNDECLARED_SELECTOR = YES;
				GCC_WARN_UNINITIALIZED_AUTOS = YES_AGGRESSIVE;
				GCC_WARN_UNUSED_FUNCTION = YES;
				GCC_WARN_UNUSED_VARIABLE = YES;
				IPHONEOS_DEPLOYMENT_TARGET = 15.0;
				MTL_ENABLE_DEBUG_INFO = INCLUDE_SOURCE;
				MTL_FAST_MATH = YES;
				ONLY_ACTIVE_ARCH = YES;
				SWIFT_ACTIVE_COMPILATION_CONDITIONS = DEBUG;
				SWIFT_OPTIMIZATION_LEVEL = "-Onone";
				SWIFT_VERSION = 5.0;
			};
			name = Debug;
		};
		EDE3A15B266F803A00362308 /* Release */ = {
			isa = XCBuildConfiguration;
			buildSettings = {
				ALWAYS_SEARCH_USER_PATHS = NO;
				CLANG_ANALYZER_NONNULL = YES;
				CLANG_ANALYZER_NUMBER_OBJECT_CONVERSION = YES_AGGRESSIVE;
				CLANG_CXX_LANGUAGE_STANDARD = "gnu++14";
				CLANG_CXX_LIBRARY = "libc++";
				CLANG_ENABLE_MODULES = YES;
				CLANG_ENABLE_OBJC_ARC = YES;
				CLANG_ENABLE_OBJC_WEAK = YES;
				CLANG_WARN_BLOCK_CAPTURE_AUTORELEASING = YES;
				CLANG_WARN_BOOL_CONVERSION = YES;
				CLANG_WARN_COMMA = YES;
				CLANG_WARN_CONSTANT_CONVERSION = YES;
				CLANG_WARN_DEPRECATED_OBJC_IMPLEMENTATIONS = YES;
				CLANG_WARN_DIRECT_OBJC_ISA_USAGE = YES_ERROR;
				CLANG_WARN_DOCUMENTATION_COMMENTS = YES;
				CLANG_WARN_EMPTY_BODY = YES;
				CLANG_WARN_ENUM_CONVERSION = YES;
				CLANG_WARN_INFINITE_RECURSION = YES;
				CLANG_WARN_INT_CONVERSION = YES;
				CLANG_WARN_NON_LITERAL_NULL_CONVERSION = YES;
				CLANG_WARN_OBJC_IMPLICIT_RETAIN_SELF = YES;
				CLANG_WARN_OBJC_LITERAL_CONVERSION = YES;
				CLANG_WARN_OBJC_ROOT_CLASS = YES_ERROR;
				CLANG_WARN_QUOTED_INCLUDE_IN_FRAMEWORK_HEADER = YES;
				CLANG_WARN_RANGE_LOOP_ANALYSIS = YES;
				CLANG_WARN_STRICT_PROTOTYPES = YES;
				CLANG_WARN_SUSPICIOUS_MOVE = YES;
				CLANG_WARN_UNGUARDED_AVAILABILITY = YES_AGGRESSIVE;
				CLANG_WARN_UNREACHABLE_CODE = YES;
				CLANG_WARN__DUPLICATE_METHOD_MATCH = YES;
				COPY_PHASE_STRIP = NO;
				DEBUG_INFORMATION_FORMAT = "dwarf-with-dsym";
				ENABLE_NS_ASSERTIONS = NO;
				ENABLE_STRICT_OBJC_MSGSEND = YES;
				GCC_C_LANGUAGE_STANDARD = gnu11;
				GCC_NO_COMMON_BLOCKS = YES;
				GCC_WARN_64_TO_32_BIT_CONVERSION = YES;
				GCC_WARN_ABOUT_RETURN_TYPE = YES_ERROR;
				GCC_WARN_UNDECLARED_SELECTOR = YES;
				GCC_WARN_UNINITIALIZED_AUTOS = YES_AGGRESSIVE;
				GCC_WARN_UNUSED_FUNCTION = YES;
				GCC_WARN_UNUSED_VARIABLE = YES;
				IPHONEOS_DEPLOYMENT_TARGET = 15.0;
				MTL_ENABLE_DEBUG_INFO = NO;
				MTL_FAST_MATH = YES;
				SWIFT_COMPILATION_MODE = wholemodule;
				SWIFT_OPTIMIZATION_LEVEL = "-O";
				SWIFT_VERSION = 5.0;
			};
			name = Release;
		};
		EDE3A15D266F803A00362308 /* Debug */ = {
			isa = XCBuildConfiguration;
			buildSettings = {
				ASSETCATALOG_COMPILER_APPICON_NAME = AppIcon;
				ASSETCATALOG_COMPILER_GLOBAL_ACCENT_COLOR_NAME = AccentColor;
				CODE_SIGN_STYLE = Automatic;
				CURRENT_PROJECT_VERSION = 1;
				DEVELOPMENT_TEAM = BZ82DRDZY8;
				ENABLE_PREVIEWS = YES;
				GENERATE_INFOPLIST_FILE = YES;
				INFOPLIST_KEY_CFBundleExecutable = "SwiftUI-Games";
				INFOPLIST_KEY_CFBundleName = "SwiftUI-Games";
				INFOPLIST_KEY_CFBundleVersion = 5;
				INFOPLIST_KEY_UIApplicationSceneManifest_Generation = YES;
				INFOPLIST_KEY_UIApplicationSupportsIndirectInputEvents = YES;
				INFOPLIST_KEY_UILaunchScreen_Generation = YES;
				INFOPLIST_KEY_UIRequiresFullScreen = YES;
				INFOPLIST_KEY_UISupportedInterfaceOrientations_iPad = "UIInterfaceOrientationPortrait UIInterfaceOrientationPortraitUpsideDown UIInterfaceOrientationLandscapeLeft UIInterfaceOrientationLandscapeRight";
				INFOPLIST_KEY_UISupportedInterfaceOrientations_iPhone = "UIInterfaceOrientationPortrait UIInterfaceOrientationLandscapeLeft UIInterfaceOrientationLandscapeRight";
				IPHONEOS_DEPLOYMENT_TARGET = 15.0;
				LD_RUNPATH_SEARCH_PATHS = (
					"$(inherited)",
					"@executable_path/Frameworks",
				);
				MARKETING_VERSION = 0.1;
				PRODUCT_BUNDLE_IDENTIFIER = "com.damirka.SwiftUI-Games";
				PRODUCT_NAME = "SwiftUI-Games";
				SDKROOT = iphoneos;
				SWIFT_EMIT_LOC_STRINGS = YES;
				SWIFT_VERSION = 5.0;
				TARGETED_DEVICE_FAMILY = "1,2";
			};
			name = Debug;
		};
		EDE3A15E266F803A00362308 /* Release */ = {
			isa = XCBuildConfiguration;
			buildSettings = {
				ASSETCATALOG_COMPILER_APPICON_NAME = AppIcon;
				ASSETCATALOG_COMPILER_GLOBAL_ACCENT_COLOR_NAME = AccentColor;
				CODE_SIGN_STYLE = Automatic;
				CURRENT_PROJECT_VERSION = 1;
				DEVELOPMENT_TEAM = BZ82DRDZY8;
				ENABLE_PREVIEWS = YES;
				GENERATE_INFOPLIST_FILE = YES;
				INFOPLIST_KEY_CFBundleExecutable = "SwiftUI-Games";
				INFOPLIST_KEY_CFBundleName = "SwiftUI-Games";
				INFOPLIST_KEY_CFBundleVersion = 5;
				INFOPLIST_KEY_UIApplicationSceneManifest_Generation = YES;
				INFOPLIST_KEY_UIApplicationSupportsIndirectInputEvents = YES;
				INFOPLIST_KEY_UILaunchScreen_Generation = YES;
				INFOPLIST_KEY_UIRequiresFullScreen = YES;
				INFOPLIST_KEY_UISupportedInterfaceOrientations_iPad = "UIInterfaceOrientationPortrait UIInterfaceOrientationPortraitUpsideDown UIInterfaceOrientationLandscapeLeft UIInterfaceOrientationLandscapeRight";
				INFOPLIST_KEY_UISupportedInterfaceOrientations_iPhone = "UIInterfaceOrientationPortrait UIInterfaceOrientationLandscapeLeft UIInterfaceOrientationLandscapeRight";
				IPHONEOS_DEPLOYMENT_TARGET = 15.0;
				LD_RUNPATH_SEARCH_PATHS = (
					"$(inherited)",
					"@executable_path/Frameworks",
				);
				MARKETING_VERSION = 0.1;
				PRODUCT_BUNDLE_IDENTIFIER = "com.damirka.SwiftUI-Games";
				PRODUCT_NAME = "SwiftUI-Games";
				SDKROOT = iphoneos;
				SWIFT_EMIT_LOC_STRINGS = YES;
				SWIFT_VERSION = 5.0;
				TARGETED_DEVICE_FAMILY = "1,2";
				VALIDATE_PRODUCT = YES;
			};
			name = Release;
		};
/* End XCBuildConfiguration section */

/* Begin XCConfigurationList section */
		EDE3A144266F803800362308 /* Build configuration list for PBXProject "SwiftUI-Games" */ = {
			isa = XCConfigurationList;
			buildConfigurations = (
				EDE3A15A266F803A00362308 /* Debug */,
				EDE3A15B266F803A00362308 /* Release */,
			);
			defaultConfigurationIsVisible = 0;
			defaultConfigurationName = Release;
		};
		EDE3A15C266F803A00362308 /* Build configuration list for PBXNativeTarget "SwiftUI-Games (iOS)" */ = {
			isa = XCConfigurationList;
			buildConfigurations = (
				EDE3A15D266F803A00362308 /* Debug */,
				EDE3A15E266F803A00362308 /* Release */,
			);
			defaultConfigurationIsVisible = 0;
			defaultConfigurationName = Release;
		};
/* End XCConfigurationList section */
	};
	rootObject = EDE3A141266F803800362308 /* Project object */;
}
